# generated by rye
# use `rye lock` or `rye sync` to update this lockfile
#
# last locked with the following flags:
#   pre: false
#   features: []
#   all-features: false
#   with-sources: false
#   generate-hashes: false

-e file:.
annotated-types==0.7.0
    # via pydantic
anyio==4.4.0
    # via httpx
    # via starlette
    # via watchfiles
astor==0.8.1
    # via paddlepaddle
attrdict==2.0.1
    # via paddleocr
babel==2.15.0
    # via flask-babel
bce-python-sdk==0.9.11
    # via visualdl
beautifulsoup4==4.12.3
    # via paddleocr
blinker==1.8.2
    # via flask
cachetools==5.3.3
    # via premailer
certifi==2024.2.2
    # via httpcore
    # via httpx
    # via requests
charset-normalizer==3.3.2
    # via requests
click==8.1.7
    # via flask
    # via typer
    # via uvicorn
colorama==0.4.6
    # via click
    # via tqdm
    # via uvicorn
contourpy==1.2.1
    # via matplotlib
cssselect==1.2.0
    # via premailer
cssutils==2.11.0
    # via premailer
cycler==0.12.1
    # via matplotlib
cython==3.0.10
    # via paddleocr
decorator==5.1.1
    # via paddlepaddle
dnspython==2.6.1
    # via email-validator
email-validator==2.1.1
    # via fastapi
et-xmlfile==1.1.0
    # via openpyxl
fastapi==0.111.0
    # via project
fastapi-cli==0.0.4
    # via fastapi
fire==0.6.0
    # via paddleocr
    # via pdf2docx
flask==3.0.3
    # via flask-babel
    # via visualdl
flask-babel==4.0.0
    # via visualdl
fonttools==4.52.4
    # via matplotlib
    # via paddleocr
    # via pdf2docx
future==1.0.0
    # via bce-python-sdk
h11==0.14.0
    # via httpcore
    # via uvicorn
httpcore==1.0.5
    # via httpx
httptools==0.6.1
    # via uvicorn
httpx==0.27.0
    # via fastapi
    # via paddlepaddle
idna==3.7
    # via anyio
    # via email-validator
    # via httpx
    # via requests
imageio==2.34.1
    # via imgaug
    # via scikit-image
imgaug==0.4.0
    # via paddleocr
itsdangerous==2.2.0
    # via flask
jinja2==3.1.4
    # via fastapi
    # via flask
    # via flask-babel
kiwisolver==1.4.5
    # via matplotlib
lazy-loader==0.4
    # via scikit-image
lmdb @ file:C:/Users/Administrator/Desktop/project/py-lmdb
    # via paddleocr
    # via project
lxml==5.2.2
    # via paddleocr
    # via premailer
    # via python-docx
markdown-it-py==3.0.0
    # via rich
markupsafe==2.1.5
    # via jinja2
    # via werkzeug
matplotlib==3.9.0
    # via imgaug
    # via visualdl
mdurl==0.1.2
    # via markdown-it-py
networkx==3.3
    # via scikit-image
numpy==1.26.4
    # via contourpy
    # via imageio
    # via imgaug
    # via matplotlib
    # via opencv-contrib-python
    # via opencv-python
    # via opencv-python-headless
    # via opt-einsum
    # via paddleocr
    # via paddlepaddle
    # via pandas
    # via pdf2docx
    # via scikit-image
    # via scipy
    # via shapely
    # via tifffile
    # via visualdl
opencv-contrib-python==4.6.0.66
    # via paddleocr
opencv-python==4.6.0.66
    # via imgaug
    # via paddleocr
    # via project
opencv-python-headless==4.9.0.80
    # via pdf2docx
openpyxl==3.1.3
    # via paddleocr
opt-einsum==3.3.0
    # via paddlepaddle
orjson==3.10.3
    # via fastapi
packaging==24.0
    # via lazy-loader
    # via matplotlib
    # via scikit-image
    # via visualdl
paddleocr==2.7.3
    # via project
paddlepaddle==2.6.1
    # via project
pandas==2.2.2
    # via visualdl
pdf2docx==0.5.8
    # via paddleocr
pillow==10.3.0
    # via imageio
    # via imgaug
    # via matplotlib
    # via paddleocr
    # via paddlepaddle
    # via project
    # via scikit-image
    # via visualdl
premailer==3.10.0
    # via paddleocr
protobuf==3.20.2
    # via paddlepaddle
    # via visualdl
psutil==5.9.8
    # via visualdl
pyclipper==1.3.0.post5
    # via paddleocr
pycryptodome==3.20.0
    # via bce-python-sdk
pydantic==2.7.2
    # via fastapi
pydantic-core==2.18.3
    # via pydantic
pygments==2.18.0
    # via rich
pymupdf==1.24.4
    # via pdf2docx
pymupdfb==1.24.3
    # via pymupdf
pyparsing==3.1.2
    # via matplotlib
python-dateutil==2.9.0.post0
    # via matplotlib
    # via pandas
python-docx==1.1.2
    # via paddleocr
    # via pdf2docx
python-dotenv==1.0.1
    # via uvicorn
python-multipart==0.0.9
    # via fastapi
pytz==2024.1
    # via flask-babel
    # via pandas
pyyaml==6.0.1
    # via paddleocr
    # via uvicorn
rapidfuzz==3.9.2
    # via paddleocr
rarfile==4.2
    # via visualdl
requests==2.32.3
    # via premailer
    # via visualdl
rich==13.7.1
    # via typer
scikit-image==0.23.2
    # via imgaug
    # via paddleocr
scipy==1.13.1
    # via imgaug
    # via scikit-image
setuptools==70.0.0
    # via project
shapely==2.0.4
    # via imgaug
    # via paddleocr
shellingham==1.5.4
    # via typer
six==1.16.0
    # via attrdict
    # via bce-python-sdk
    # via fire
    # via imgaug
    # via python-dateutil
    # via visualdl
sniffio==1.3.1
    # via anyio
    # via httpx
soupsieve==2.5
    # via beautifulsoup4
starlette==0.37.2
    # via fastapi
termcolor==2.4.0
    # via fire
tifffile==2024.5.22
    # via scikit-image
tqdm==4.66.4
    # via paddleocr
typer==0.12.3
    # via fastapi-cli
typing-extensions==4.12.0
    # via fastapi
    # via pydantic
    # via pydantic-core
    # via python-docx
    # via typer
tzdata==2024.1
    # via pandas
ujson==5.10.0
    # via fastapi
urllib3==2.2.1
    # via requests
uvicorn==0.30.0
    # via fastapi
    # via project
visualdl==2.5.3
    # via paddleocr
watchfiles==0.22.0
    # via uvicorn
websockets==12.0
    # via uvicorn
werkzeug==3.0.3
    # via flask
