# This file is @generated by PDM.
# It is not intended for manual editing.

[metadata]
groups = ["default"]
cross_platform = true
static_urls = false
lock_version = "4.3"
content_hash = "sha256:8702786e2132908fc423d7dc5cba7e63026f8b32a28e6f44953d2801d7582a32"

[[package]]
name = "anyio"
version = "4.0.0"
requires_python = ">=3.8"
summary = "High level compatibility layer for multiple asynchronous event loop implementations"
dependencies = [
    "idna>=2.8",
    "sniffio>=1.1",
]
files = [
    {file = "anyio-4.0.0-py3-none-any.whl", hash = "sha256:cfdb2b588b9fc25ede96d8db56ed50848b0b649dca3dd1df0b11f683bb9e0b5f"},
    {file = "anyio-4.0.0.tar.gz", hash = "sha256:f7ed51751b2c2add651e5747c891b47e26d2a21be5d32d9311dfe9692f3e5d7a"},
]

[[package]]
name = "certifi"
version = "2023.7.22"
requires_python = ">=3.6"
summary = "Python package for providing Mozilla's CA Bundle."
files = [
    {file = "certifi-2023.7.22-py3-none-any.whl", hash = "sha256:92d6037539857d8206b8f6ae472e8b77db8058fec5937a1ef3f54304089edbb9"},
    {file = "certifi-2023.7.22.tar.gz", hash = "sha256:539cc1d13202e33ca466e88b2807e29f4c13049d6d87031a3c110744495cb082"},
]

[[package]]
name = "charset-normalizer"
version = "3.3.1"
requires_python = ">=3.7.0"
summary = "The Real First Universal Charset Detector. Open, modern and actively maintained alternative to Chardet."
files = [
    {file = "charset-normalizer-3.3.1.tar.gz", hash = "sha256:d9137a876020661972ca6eec0766d81aef8a5627df628b664b234b73396e727e"},
    {file = "charset_normalizer-3.3.1-cp311-cp311-macosx_10_9_universal2.whl", hash = "sha256:ae4070f741f8d809075ef697877fd350ecf0b7c5837ed68738607ee0a2c572cf"},
    {file = "charset_normalizer-3.3.1-cp311-cp311-macosx_10_9_x86_64.whl", hash = "sha256:58e875eb7016fd014c0eea46c6fa92b87b62c0cb31b9feae25cbbe62c919f54d"},
    {file = "charset_normalizer-3.3.1-cp311-cp311-macosx_11_0_arm64.whl", hash = "sha256:dbd95e300367aa0827496fe75a1766d198d34385a58f97683fe6e07f89ca3e3c"},
    {file = "charset_normalizer-3.3.1-cp311-cp311-manylinux_2_17_aarch64.manylinux2014_aarch64.whl", hash = "sha256:de0b4caa1c8a21394e8ce971997614a17648f94e1cd0640fbd6b4d14cab13a72"},
    {file = "charset_normalizer-3.3.1-cp311-cp311-manylinux_2_17_ppc64le.manylinux2014_ppc64le.whl", hash = "sha256:985c7965f62f6f32bf432e2681173db41336a9c2611693247069288bcb0c7f8b"},
    {file = "charset_normalizer-3.3.1-cp311-cp311-manylinux_2_17_s390x.manylinux2014_s390x.whl", hash = "sha256:a15c1fe6d26e83fd2e5972425a772cca158eae58b05d4a25a4e474c221053e2d"},
    {file = "charset_normalizer-3.3.1-cp311-cp311-manylinux_2_17_x86_64.manylinux2014_x86_64.whl", hash = "sha256:ae55d592b02c4349525b6ed8f74c692509e5adffa842e582c0f861751701a673"},
    {file = "charset_normalizer-3.3.1-cp311-cp311-manylinux_2_5_i686.manylinux1_i686.manylinux_2_17_i686.manylinux2014_i686.whl", hash = "sha256:be4d9c2770044a59715eb57c1144dedea7c5d5ae80c68fb9959515037cde2008"},
    {file = "charset_normalizer-3.3.1-cp311-cp311-musllinux_1_1_aarch64.whl", hash = "sha256:851cf693fb3aaef71031237cd68699dded198657ec1e76a76eb8be58c03a5d1f"},
    {file = "charset_normalizer-3.3.1-cp311-cp311-musllinux_1_1_i686.whl", hash = "sha256:31bbaba7218904d2eabecf4feec0d07469284e952a27400f23b6628439439fa7"},
    {file = "charset_normalizer-3.3.1-cp311-cp311-musllinux_1_1_ppc64le.whl", hash = "sha256:871d045d6ccc181fd863a3cd66ee8e395523ebfbc57f85f91f035f50cee8e3d4"},
    {file = "charset_normalizer-3.3.1-cp311-cp311-musllinux_1_1_s390x.whl", hash = "sha256:501adc5eb6cd5f40a6f77fbd90e5ab915c8fd6e8c614af2db5561e16c600d6f3"},
    {file = "charset_normalizer-3.3.1-cp311-cp311-musllinux_1_1_x86_64.whl", hash = "sha256:f5fb672c396d826ca16a022ac04c9dce74e00a1c344f6ad1a0fdc1ba1f332213"},
    {file = "charset_normalizer-3.3.1-cp311-cp311-win32.whl", hash = "sha256:bb06098d019766ca16fc915ecaa455c1f1cd594204e7f840cd6258237b5079a8"},
    {file = "charset_normalizer-3.3.1-cp311-cp311-win_amd64.whl", hash = "sha256:8af5a8917b8af42295e86b64903156b4f110a30dca5f3b5aedea123fbd638bff"},
    {file = "charset_normalizer-3.3.1-cp312-cp312-macosx_10_9_universal2.whl", hash = "sha256:7ae8e5142dcc7a49168f4055255dbcced01dc1714a90a21f87448dc8d90617d1"},
    {file = "charset_normalizer-3.3.1-cp312-cp312-macosx_10_9_x86_64.whl", hash = "sha256:5b70bab78accbc672f50e878a5b73ca692f45f5b5e25c8066d748c09405e6a55"},
    {file = "charset_normalizer-3.3.1-cp312-cp312-macosx_11_0_arm64.whl", hash = "sha256:5ceca5876032362ae73b83347be8b5dbd2d1faf3358deb38c9c88776779b2e2f"},
    {file = "charset_normalizer-3.3.1-cp312-cp312-manylinux_2_17_aarch64.manylinux2014_aarch64.whl", hash = "sha256:34d95638ff3613849f473afc33f65c401a89f3b9528d0d213c7037c398a51296"},
    {file = "charset_normalizer-3.3.1-cp312-cp312-manylinux_2_17_ppc64le.manylinux2014_ppc64le.whl", hash = "sha256:9edbe6a5bf8b56a4a84533ba2b2f489d0046e755c29616ef8830f9e7d9cf5728"},
    {file = "charset_normalizer-3.3.1-cp312-cp312-manylinux_2_17_s390x.manylinux2014_s390x.whl", hash = "sha256:f6a02a3c7950cafaadcd46a226ad9e12fc9744652cc69f9e5534f98b47f3bbcf"},
    {file = "charset_normalizer-3.3.1-cp312-cp312-manylinux_2_17_x86_64.manylinux2014_x86_64.whl", hash = "sha256:10b8dd31e10f32410751b3430996f9807fc4d1587ca69772e2aa940a82ab571a"},
    {file = "charset_normalizer-3.3.1-cp312-cp312-manylinux_2_5_i686.manylinux1_i686.manylinux_2_17_i686.manylinux2014_i686.whl", hash = "sha256:edc0202099ea1d82844316604e17d2b175044f9bcb6b398aab781eba957224bd"},
    {file = "charset_normalizer-3.3.1-cp312-cp312-musllinux_1_1_aarch64.whl", hash = "sha256:b891a2f68e09c5ef989007fac11476ed33c5c9994449a4e2c3386529d703dc8b"},
    {file = "charset_normalizer-3.3.1-cp312-cp312-musllinux_1_1_i686.whl", hash = "sha256:71ef3b9be10070360f289aea4838c784f8b851be3ba58cf796262b57775c2f14"},
    {file = "charset_normalizer-3.3.1-cp312-cp312-musllinux_1_1_ppc64le.whl", hash = "sha256:55602981b2dbf8184c098bc10287e8c245e351cd4fdcad050bd7199d5a8bf514"},
    {file = "charset_normalizer-3.3.1-cp312-cp312-musllinux_1_1_s390x.whl", hash = "sha256:46fb9970aa5eeca547d7aa0de5d4b124a288b42eaefac677bde805013c95725c"},
    {file = "charset_normalizer-3.3.1-cp312-cp312-musllinux_1_1_x86_64.whl", hash = "sha256:520b7a142d2524f999447b3a0cf95115df81c4f33003c51a6ab637cbda9d0bf4"},
    {file = "charset_normalizer-3.3.1-cp312-cp312-win32.whl", hash = "sha256:8ec8ef42c6cd5856a7613dcd1eaf21e5573b2185263d87d27c8edcae33b62a61"},
    {file = "charset_normalizer-3.3.1-cp312-cp312-win_amd64.whl", hash = "sha256:baec8148d6b8bd5cee1ae138ba658c71f5b03e0d69d5907703e3e1df96db5e41"},
    {file = "charset_normalizer-3.3.1-py3-none-any.whl", hash = "sha256:800561453acdecedaac137bf09cd719c7a440b6800ec182f077bb8e7025fb708"},
]

[[package]]
name = "h11"
version = "0.14.0"
requires_python = ">=3.7"
summary = "A pure-Python, bring-your-own-I/O implementation of HTTP/1.1"
files = [
    {file = "h11-0.14.0-py3-none-any.whl", hash = "sha256:e3fe4ac4b851c468cc8363d500db52c2ead036020723024a109d37346efaa761"},
    {file = "h11-0.14.0.tar.gz", hash = "sha256:8f19fbbe99e72420ff35c00b27a34cb9937e902a8b810e2c88300c6f0a3b699d"},
]

[[package]]
name = "httpcore"
version = "0.18.0"
requires_python = ">=3.8"
summary = "A minimal low-level HTTP client."
dependencies = [
    "anyio<5.0,>=3.0",
    "certifi",
    "h11<0.15,>=0.13",
    "sniffio==1.*",
]
files = [
    {file = "httpcore-0.18.0-py3-none-any.whl", hash = "sha256:adc5398ee0a476567bf87467063ee63584a8bce86078bf748e48754f60202ced"},
    {file = "httpcore-0.18.0.tar.gz", hash = "sha256:13b5e5cd1dca1a6636a6aaea212b19f4f85cd88c366a2b82304181b769aab3c9"},
]

[[package]]
name = "httpx"
version = "0.25.0"
requires_python = ">=3.8"
summary = "The next generation HTTP client."
dependencies = [
    "certifi",
    "httpcore<0.19.0,>=0.18.0",
    "idna",
    "sniffio",
]
files = [
    {file = "httpx-0.25.0-py3-none-any.whl", hash = "sha256:181ea7f8ba3a82578be86ef4171554dd45fec26a02556a744db029a0a27b7100"},
    {file = "httpx-0.25.0.tar.gz", hash = "sha256:47ecda285389cb32bb2691cc6e069e3ab0205956f681c5b2ad2325719751d875"},
]

[[package]]
name = "idna"
version = "3.4"
requires_python = ">=3.5"
summary = "Internationalized Domain Names in Applications (IDNA)"
files = [
    {file = "idna-3.4-py3-none-any.whl", hash = "sha256:90b77e79eaa3eba6de819a0c442c0b4ceefc341a7a2ab77d7562bf49f425c5c2"},
    {file = "idna-3.4.tar.gz", hash = "sha256:814f528e8dead7d329833b91c5faa87d60bf71824cd12a7530b5526063d02cb4"},
]

[[package]]
name = "markdown-it-py"
version = "3.0.0"
requires_python = ">=3.8"
summary = "Python port of markdown-it. Markdown parsing, done right!"
dependencies = [
    "mdurl~=0.1",
]
files = [
    {file = "markdown-it-py-3.0.0.tar.gz", hash = "sha256:e3f60a94fa066dc52ec76661e37c851cb232d92f9886b15cb560aaada2df8feb"},
    {file = "markdown_it_py-3.0.0-py3-none-any.whl", hash = "sha256:355216845c60bd96232cd8d8c40e8f9765cc86f46880e43a8fd22dc1a1a8cab1"},
]

[[package]]
name = "mdurl"
version = "0.1.2"
requires_python = ">=3.7"
summary = "Markdown URL utilities"
files = [
    {file = "mdurl-0.1.2-py3-none-any.whl", hash = "sha256:84008a41e51615a49fc9966191ff91509e3c40b939176e643fd50a5c2196b8f8"},
    {file = "mdurl-0.1.2.tar.gz", hash = "sha256:bb413d29f5eea38f31dd4754dd7377d4465116fb207585f97bf925588687c1ba"},
]

[[package]]
name = "pygments"
version = "2.16.1"
requires_python = ">=3.7"
summary = "Pygments is a syntax highlighting package written in Python."
files = [
    {file = "Pygments-2.16.1-py3-none-any.whl", hash = "sha256:13fc09fa63bc8d8671a6d247e1eb303c4b343eaee81d861f3404db2935653692"},
    {file = "Pygments-2.16.1.tar.gz", hash = "sha256:1daff0494820c69bc8941e407aa20f577374ee88364ee10a98fdbe0aece96e29"},
]

[[package]]
name = "requests"
version = "2.31.0"
requires_python = ">=3.7"
summary = "Python HTTP for Humans."
dependencies = [
    "certifi>=2017.4.17",
    "charset-normalizer<4,>=2",
    "idna<4,>=2.5",
    "urllib3<3,>=1.21.1",
]
files = [
    {file = "requests-2.31.0-py3-none-any.whl", hash = "sha256:58cd2187c01e70e6e26505bca751777aa9f2ee0b7f4300988b709f44e013003f"},
    {file = "requests-2.31.0.tar.gz", hash = "sha256:942c5a758f98d790eaed1a29cb6eefc7ffb0d1cf7af05c3d2791656dbd6ad1e1"},
]

[[package]]
name = "rich"
version = "13.6.0"
requires_python = ">=3.7.0"
summary = "Render rich text, tables, progress bars, syntax highlighting, markdown and more to the terminal"
dependencies = [
    "markdown-it-py>=2.2.0",
    "pygments<3.0.0,>=2.13.0",
]
files = [
    {file = "rich-13.6.0-py3-none-any.whl", hash = "sha256:2b38e2fe9ca72c9a00170a1a2d20c63c790d0e10ef1fe35eba76e1e7b1d7d245"},
    {file = "rich-13.6.0.tar.gz", hash = "sha256:5c14d22737e6d5084ef4771b62d5d4363165b403455a30a1c8ca39dc7b644bef"},
]

[[package]]
name = "sniffio"
version = "1.3.0"
requires_python = ">=3.7"
summary = "Sniff out which async library your code is running under"
files = [
    {file = "sniffio-1.3.0-py3-none-any.whl", hash = "sha256:eecefdce1e5bbfb7ad2eeaabf7c1eeb404d7757c379bd1f7e5cce9d8bf425384"},
    {file = "sniffio-1.3.0.tar.gz", hash = "sha256:e60305c5e5d314f5389259b7f22aaa33d8f7dee49763119234af3755c55b9101"},
]

[[package]]
name = "urllib3"
version = "2.0.7"
requires_python = ">=3.7"
summary = "HTTP library with thread-safe connection pooling, file post, and more."
files = [
    {file = "urllib3-2.0.7-py3-none-any.whl", hash = "sha256:fdb6d215c776278489906c2f8916e6e7d4f5a9b602ccbcfdf7f016fc8da0596e"},
    {file = "urllib3-2.0.7.tar.gz", hash = "sha256:c97dfde1f7bd43a71c8d2a58e369e9b2bf692d1334ea9f9cae55add7d0dd0f84"},
]

[[package]]
name = "wxpusher"
version = "2.2.0"
requires_python = ">=3"
summary = "WxPusher Python SDK."
dependencies = [
    "requests",
]
files = [
    {file = "wxpusher-2.2.0-py3-none-any.whl", hash = "sha256:71d6ccab8b13b2f24fb16754ce6f8d0cdad484f85db9ef108138767b17c8c280"},
    {file = "wxpusher-2.2.0.tar.gz", hash = "sha256:2e275689cd04fa358f0df932ed1d305f9af40ede62afb6dee8fd64327020ba04"},
]
